
Microsoft Visual Studio Solution File, Format Version 12.00
Project("{FAE04EC0-301F-11D3-BF4B-00C04F79EFBC}") = "R3D-cs", "R3D-cs\R3D-cs.csproj", "{0B9D8A56-59CA-4326-97D0-78B912B8E49D}"
EndProject
Project("{FAE04EC0-301F-11D3-BF4B-00C04F79EFBC}") = "Examples", "Examples\Examples.csproj", "{8ABE227C-3208-4001-9025-EBC8819FCD4C}"
EndProject
Global
	GlobalSection(SolutionConfigurationPlatforms) = preSolution
		Debug|Any CPU = Debug|Any CPU
		Release|Any CPU = Release|Any CPU
	EndGlobalSection
	GlobalSection(ProjectConfigurationPlatforms) = postSolution
		{0B9D8A56-59CA-4326-97D0-78B912B8E49D}.Debug|Any CPU.ActiveCfg = Debug|Any CPU
		{0B9D8A56-59CA-4326-97D0-78B912B8E49D}.Debug|Any CPU.Build.0 = Debug|Any CPU
		{0B9D8A56-59CA-4326-97D0-78B912B8E49D}.Release|Any CPU.ActiveCfg = Release|Any CPU
		{0B9D8A56-59CA-4326-97D0-78B912B8E49D}.Release|Any CPU.Build.0 = Release|Any CPU
		{8ABE227C-3208-4001-9025-EBC8819FCD4C}.Debug|Any CPU.ActiveCfg = Debug|Any CPU
		{8ABE227C-3208-4001-9025-EBC8819FCD4C}.Debug|Any CPU.Build.0 = Debug|Any CPU
		{8ABE227C-3208-4001-9025-EBC8819FCD4C}.Release|Any CPU.ActiveCfg = Release|Any CPU
		{8ABE227C-3208-4001-9025-EBC8819FCD4C}.Release|Any CPU.Build.0 = Release|Any CPU
	EndGlobalSection
EndGlobal
